
Microsoft Visual Studio Solution File, Format Version 12.00
# Visual Studio Version 17
VisualStudioVersion = 17.14.36212.18 d17.14
MinimumVisualStudioVersion = 10.0.40219.1
Project("{FAE04EC0-301F-11D3-BF4B-00C04F79EFBC}") = "CalcLibrary", "CalcLibrary\CalcLibrary.csproj", "{EC43B5FB-91C0-4BCB-A1C3-F63C6B1DBD51}"
EndProject
Project("{FAE04EC0-301F-11D3-BF4B-00C04F79EFBC}") = "CalcLibrary.Tests", "CalcLibrary.Tests\CalcLibrary.Tests.csproj", "{50B091ED-5F81-4A1E-B69D-B36D2191923D}"
EndProject
Global
	GlobalSection(SolutionConfigurationPlatforms) = preSolution
		Debug|Any CPU = Debug|Any CPU
		Release|Any CPU = Release|Any CPU
	EndGlobalSection
	GlobalSection(ProjectConfigurationPlatforms) = postSolution
		{EC43B5FB-91C0-4BCB-A1C3-F63C6B1DBD51}.Debug|Any CPU.ActiveCfg = Debug|Any CPU
		{EC43B5FB-91C0-4BCB-A1C3-F63C6B1DBD51}.Debug|Any CPU.Build.0 = Debug|Any CPU
		{EC43B5FB-91C0-4BCB-A1C3-F63C6B1DBD51}.Release|Any CPU.ActiveCfg = Release|Any CPU
		{EC43B5FB-91C0-4BCB-A1C3-F63C6B1DBD51}.Release|Any CPU.Build.0 = Release|Any CPU
		{50B091ED-5F81-4A1E-B69D-B36D2191923D}.Debug|Any CPU.ActiveCfg = Debug|Any CPU
		{50B091ED-5F81-4A1E-B69D-B36D2191923D}.Debug|Any CPU.Build.0 = Debug|Any CPU
		{50B091ED-5F81-4A1E-B69D-B36D2191923D}.Release|Any CPU.ActiveCfg = Release|Any CPU
		{50B091ED-5F81-4A1E-B69D-B36D2191923D}.Release|Any CPU.Build.0 = Release|Any CPU
	EndGlobalSection
	GlobalSection(SolutionProperties) = preSolution
		HideSolutionNode = FALSE
	EndGlobalSection
	GlobalSection(ExtensibilityGlobals) = postSolution
		SolutionGuid = {8DD0E718-26A3-4E72-B3B6-88BF2DD9120C}
	EndGlobalSection
EndGlobal
