
Microsoft Visual Studio Solution File, Format Version 12.00
# Visual Studio Version 17
VisualStudioVersion = 17.14.36212.18 d17.14
MinimumVisualStudioVersion = 10.0.40219.1
Project("{FAE04EC0-301F-11D3-BF4B-00C04F79EFBC}") = "CustomWebApi", "CustomWebApi\CustomWebApi.csproj", "{85D09F9C-89B6-46AB-9591-5D156D26F5FD}"
EndProject
Global
	GlobalSection(SolutionConfigurationPlatforms) = preSolution
		Debug|Any CPU = Debug|Any CPU
		Release|Any CPU = Release|Any CPU
	EndGlobalSection
	GlobalSection(ProjectConfigurationPlatforms) = postSolution
		{85D09F9C-89B6-46AB-9591-5D156D26F5FD}.Debug|Any CPU.ActiveCfg = Debug|Any CPU
		{85D09F9C-89B6-46AB-9591-5D156D26F5FD}.Debug|Any CPU.Build.0 = Debug|Any CPU
		{85D09F9C-89B6-46AB-9591-5D156D26F5FD}.Release|Any CPU.ActiveCfg = Release|Any CPU
		{85D09F9C-89B6-46AB-9591-5D156D26F5FD}.Release|Any CPU.Build.0 = Release|Any CPU
	EndGlobalSection
	GlobalSection(SolutionProperties) = preSolution
		HideSolutionNode = FALSE
	EndGlobalSection
	GlobalSection(ExtensibilityGlobals) = postSolution
		SolutionGuid = {BB8B352D-8521-4E41-BEEF-846A48394B20}
	EndGlobalSection
EndGlobal
